// !$*UTF8*$!
{
	archiveVersion = 1;
	classes = {
	};
	objectVersion = 46;
	objects = {

/* Begin PBXBuildFile section */
		34A692241CB184F300F9F292 /* AppDelegate.swift in Sources */ = {isa = PBXBuildFile; fileRef = 34A692231CB184F300F9F292 /* AppDelegate.swift */; };
		34A692261CB184F300F9F292 /* ViewController.swift in Sources */ = {isa = PBXBuildFile; fileRef = 34A692251CB184F300F9F292 /* ViewController.swift */; };
		34A692291CB184F300F9F292 /* Main.storyboard in Resources */ = {isa = PBXBuildFile; fileRef = 34A692271CB184F300F9F292 /* Main.storyboard */; };
		34A6922B1CB184F300F9F292 /* Assets.xcassets in Resources */ = {isa = PBXBuildFile; fileRef = 34A6922A1CB184F300F9F292 /* Assets.xcassets */; };
		34A6922E1CB184F300F9F292 /* LaunchScreen.storyboard in Resources */ = {isa = PBXBuildFile; fileRef = 34A6922C1CB184F300F9F292 /* LaunchScreen.storyboard */; };
/* End PBXBuildFile section */

/* Begin PBXFileReference section */
		34A692201CB184F300F9F292 /* GuessTheFlag.app */ = {isa = PBXFileReference; explicitFileType = wrapper.application; includeInIndex = 0; path = GuessTheFlag.app; sourceTree = BUILT_PRODUCTS_DIR; };
		34A692231CB184F300F9F292 /* AppDelegate.swift */ = {isa = PBXFileReference; lastKnownFileType = sourcecode.swift; path = AppDelegate.swift; sourceTree = "<group>"; };
		34A692251CB184F300F9F292 /* ViewController.swift */ = {isa = PBXFileReference; lastKnownFileType = sourcecode.swift; path = ViewController.swift; sourceTree = "<group>"; };
		34A692281CB184F300F9F292 /* Base */ = {isa = PBXFileReference; lastKnownFileType = file.storyboard; name = Base; path = Base.lproj/Main.storyboard; sourceTree = "<group>"; };
		34A6922A1CB184F300F9F292 /* Assets.xcassets */ = {isa = PBXFileReference; lastKnownFileType = folder.assetcatalog; path = Assets.xcassets; sourceTree = "<group>"; };
		34A6922D1CB184F300F9F292 /* Base */ = {isa = PBXFileReference; lastKnownFileType = file.storyboard; name = Base; path = Base.lproj/LaunchScreen.storyboard; sourceTree = "<group>"; };
		34A6922F1CB184F300F9F292 /* Info.plist */ = {isa = PBXFileReference; lastKnownFileType = text.plist.xml; path = Info.plist; sourceTree = "<group>"; };
/* End PBXFileReference section */

/* Begin PBXFrameworksBuildPhase section */
		34A6921D1CB184F300F9F292 /* Frameworks */ = {
			isa = PBXFrameworksBuildPhase;
			buildActionMask = 2147483647;
			files = (
			);
			runOnlyForDeploymentPostprocessing = 0;
		};
/* End PBXFrameworksBuildPhase section */

/* Begin PBXGroup section */
		34A692171CB184F300F9F292 = {
			isa = PBXGroup;
			children = (
				34A692221CB184F300F9F292 /* GuessTheFlag */,
				34A692211CB184F300F9F292 /* Products */,
			);
			sourceTree = "<group>";
		};
		34A692211CB184F300F9F292 /* Products */ = {
			isa = PBXGroup;
			children = (
				34A692201CB184F300F9F292 /* GuessTheFlag.app */,
			);
			name = Products;
			sourceTree = "<group>";
		};
		34A692221CB184F300F9F292 /* GuessTheFlag */ = {
			isa = PBXGroup;
			children = (
				34A692231CB184F300F9F292 /* AppDelegate.swift */,
				34A692251CB184F300F9F292 /* ViewController.swift */,
				34A692271CB184F300F9F292 /* Main.storyboard */,
				34A6922A1CB184F300F9F292 /* Assets.xcassets */,
				34A6922C1CB184F300F9F292 /* LaunchScreen.storyboard */,
				34A6922F1CB184F300F9F292 /* Info.plist */,
			);
			path = GuessTheFlag;
			sourceTree = "<group>";
		};
/* End PBXGroup section */

/* Begin PBXNativeTarget section */
		34A6921F1CB184F300F9F292 /* GuessTheFlag */ = {
			isa = PBXNativeTarget;
			buildConfigurationList = 34A692321CB184F300F9F292 /* Build configuration list for PBXNativeTarget "GuessTheFlag" */;
			buildPhases = (
				34A6921C1CB184F300F9F292 /* Sources */,
				34A6921D1CB184F300F9F292 /* Frameworks */,
				34A6921E1CB184F300F9F292 /* Resources */,
			);
			buildRules = (
			);
			dependencies = (
			);
			name = GuessTheFlag;
			productName = GuessTheFlag;
			productReference = 34A692201CB184F300F9F292 /* GuessTheFlag.app */;
			productType = "com.apple.product-type.application";
		};
/* End PBXNativeTarget section */

/* Begin PBXProject section */
		34A692181CB184F300F9F292 /* Project object */ = {
			isa = PBXProject;
			attributes = {
				LastSwiftUpdateCheck = 0720;
				LastUpgradeCheck = 0720;
				ORGANIZATIONNAME = "Matthew Crawford";
				TargetAttributes = {
					34A6921F1CB184F300F9F292 = {
						CreatedOnToolsVersion = 7.2.1;
					};
				};
			};
			buildConfigurationList = 34A6921B1CB184F300F9F292 /* Build configuration list for PBXProject "GuessTheFlag" */;
			compatibilityVersion = "Xcode 3.2";
			developmentRegion = English;
			hasScannedForEncodings = 0;
			knownRegions = (
				en,
				Base,
			);
			mainGroup = 34A692171CB184F300F9F292;
			productRefGroup = 34A692211CB184F300F9F292 /* Products */;
			projectDirPath = "";
			projectRoot = "";
			targets = (
				34A6921F1CB184F300F9F292 /* GuessTheFlag */,
			);
		};
/* End PBXProject section */

/* Begin PBXResourcesBuildPhase section */
		34A6921E1CB184F300F9F292 /* Resources */ = {
			isa = PBXResourcesBuildPhase;
			buildActionMask = 2147483647;
			files = (
				34A6922E1CB184F300F9F292 /* LaunchScreen.storyboard in Resources */,
				34A6922B1CB184F300F9F292 /* Assets.xcassets in Resources */,
				34A692291CB184F300F9F292 /* Main.storyboard in Resources */,
			);
			runOnlyForDeploymentPostprocessing = 0;
		};
/* End PBXResourcesBuildPhase section */

/* Begin PBXSourcesBuildPhase section */
		34A6921C1CB184F300F9F292 /* Sources */ = {
			isa = PBXSourcesBuildPhase;
			buildActionMask = 2147483647;
			files = (
				34A692261CB184F300F9F292 /* ViewController.swift in Sources */,
				34A692241CB184F300F9F292 /* AppDelegate.swift in Sources */,
			);
			runOnlyForDeploymentPostprocessing = 0;
		};
/* End PBXSourcesBuildPhase section */

/* Begin PBXVariantGroup section */
		34A692271CB184F300F9F292 /* Main.storyboard */ = {
			isa = PBXVariantGroup;
			children = (
				34A692281CB184F300F9F292 /* Base */,
			);
			name = Main.storyboard;
			sourceTree = "<group>";
		};
		34A6922C1CB184F300F9F292 /* LaunchScreen.storyboard */ = {
			isa = PBXVariantGroup;
			children = (
				34A6922D1CB184F300F9F292 /* Base */,
			);
			name = LaunchScreen.storyboard;
			sourceTree = "<group>";
		};
/* End PBXVariantGroup section */

/* Begin XCBuildConfiguration section */
		34A692301CB184F300F9F292 /* Debug */ = {
			isa = XCBuildConfiguration;
			buildSettings = {
				ALWAYS_SEARCH_USER_PATHS = NO;
				CLANG_CXX_LANGUAGE_STANDARD = "gnu++0x";
				CLANG_CXX_LIBRARY = "libc++";
				CLANG_ENABLE_MODULES = YES;
				CLANG_ENABLE_OBJC_ARC = YES;
				CLANG_WARN_BOOL_CONVERSION = YES;
				CLANG_WARN_CONSTANT_CONVERSION = YES;
				CLANG_WARN_DIRECT_OBJC_ISA_USAGE = YES_ERROR;
				CLANG_WARN_EMPTY_BODY = YES;
				CLANG_WARN_ENUM_CONVERSION = YES;
				CLANG_WARN_INT_CONVERSION = YES;
				CLANG_WARN_OBJC_ROOT_CLASS = YES_ERROR;
				CLANG_WARN_UNREACHABLE_CODE = YES;
				CLANG_WARN__DUPLICATE_METHOD_MATCH = YES;
				"CODE_SIGN_IDENTITY[sdk=iphoneos*]" = "iPhone Developer";
				COPY_PHASE_STRIP = NO;
				DEBUG_INFORMATION_FORMAT = dwarf;
				ENABLE_STRICT_OBJC_MSGSEND = YES;
				ENABLE_TESTABILITY = YES;
				GCC_C_LANGUAGE_STANDARD = gnu99;
				GCC_DYNAMIC_NO_PIC = NO;
				GCC_NO_COMMON_BLOCKS = YES;
				GCC_OPTIMIZATION_LEVEL = 0;
				GCC_PREPROCESSOR_DEFINITIONS = (
					"DEBUG=1",
					"$(inherited)",
				);
				GCC_WARN_64_TO_32_BIT_CONVERSION = YES;
				GCC_WARN_ABOUT_RETURN_TYPE = YES_ERROR;
				GCC_WARN_UNDECLARED_SELECTOR = YES;
				GCC_WARN_UNINITIALIZED_AUTOS = YES_AGGRESSIVE;
				GCC_WARN_UNUSED_FUNCTION = YES;
				GCC_WARN_UNUSED_VARIABLE = YES;
				IPHONEOS_DEPLOYMENT_TARGET = 9.2;
				MTL_ENABLE_DEBUG_INFO = YES;
				ONLY_ACTIVE_ARCH = YES;
				SDKROOT = iphoneos;
				SWIFT_OPTIMIZATION_LEVEL = "-Onone";
			};
			name = Debug;
		};
		34A692311CB184F300F9F292 /* Release */ = {
			isa = XCBuildConfiguration;
			buildSettings = {
				ALWAYS_SEARCH_USER_PATHS = NO;
				CLANG_CXX_LANGUAGE_STANDARD = "gnu++0x";
				CLANG_CXX_LIBRARY = "libc++";
				CLANG_ENABLE_MODULES = YES;
				CLANG_ENABLE_OBJC_ARC = YES;
				CLANG_WARN_BOOL_CONVERSION = YES;
				CLANG_WARN_CONSTANT_CONVERSION = YES;
				CLANG_WARN_DIRECT_OBJC_ISA_USAGE = YES_ERROR;
				CLANG_WARN_EMPTY_BODY = YES;
				CLANG_WARN_ENUM_CONVERSION = YES;
				CLANG_WARN_INT_CONVERSION = YES;
				CLANG_WARN_OBJC_ROOT_CLASS = YES_ERROR;
				CLANG_WARN_UNREACHABLE_CODE = YES;
				CLANG_WARN__DUPLICATE_METHOD_MATCH = YES;
				"CODE_SIGN_IDENTITY[sdk=iphoneos*]" = "iPhone Developer";
				COPY_PHASE_STRIP = NO;
				DEBUG_INFORMATION_FORMAT = "dwarf-with-dsym";
				ENABLE_NS_ASSERTIONS = NO;
				ENABLE_STRICT_OBJC_MSGSEND = YES;
				GCC_C_LANGUAGE_STANDARD = gnu99;
				GCC_NO_COMMON_BLOCKS = YES;
				GCC_WARN_64_TO_32_BIT_CONVERSION = YES;
				GCC_WARN_ABOUT_RETURN_TYPE = YES_ERROR;
				GCC_WARN_UNDECLARED_SELECTOR = YES;
				GCC_WARN_UNINITIALIZED_AUTOS = YES_AGGRESSIVE;
				GCC_WARN_UNUSED_FUNCTION = YES;
				GCC_WARN_UNUSED_VARIABLE = YES;
				IPHONEOS_DEPLOYMENT_TARGET = 9.2;
				MTL_ENABLE_DEBUG_INFO = NO;
				SDKROOT = iphoneos;
				VALIDATE_PRODUCT = YES;
			};
			name = Release;
		};
		34A692331CB184F300F9F292 /* Debug */ = {
			isa = XCBuildConfiguration;
			buildSettings = {
				ASSETCATALOG_COMPILER_APPICON_NAME = AppIcon;
				INFOPLIST_FILE = GuessTheFlag/Info.plist;
				LD_RUNPATH_SEARCH_PATHS = "$(inherited) @executable_path/Frameworks";
				PRODUCT_BUNDLE_IDENTIFIER = "com.MatthewCrawford.Storm-Viewer.GuessTheFlag";
				PRODUCT_NAME = "$(TARGET_NAME)";
			};
			name = Debug;
		};
		34A692341CB184F300F9F292 /* Release */ = {
			isa = XCBuildConfiguration;
			buildSettings = {
				ASSETCATALOG_COMPILER_APPICON_NAME = AppIcon;
				INFOPLIST_FILE = GuessTheFlag/Info.plist;
				LD_RUNPATH_SEARCH_PATHS = "$(inherited) @executable_path/Frameworks";
				PRODUCT_BUNDLE_IDENTIFIER = "com.MatthewCrawford.Storm-Viewer.GuessTheFlag";
				PRODUCT_NAME = "$(TARGET_NAME)";
			};
			name = Release;
		};
/* End XCBuildConfiguration section */

/* Begin XCConfigurationList section */
		34A6921B1CB184F300F9F292 /* Build configuration list for PBXProject "GuessTheFlag" */ = {
			isa = XCConfigurationList;
			buildConfigurations = (
				34A692301CB184F300F9F292 /* Debug */,
				34A692311CB184F300F9F292 /* Release */,
			);
			defaultConfigurationIsVisible = 0;
			defaultConfigurationName = Release;
		};
		34A692321CB184F300F9F292 /* Build configuration list for PBXNativeTarget "GuessTheFlag" */ = {
			isa = XCConfigurationList;
			buildConfigurations = (
				34A692331CB184F300F9F292 /* Debug */,
				34A692341CB184F300F9F292 /* Release */,
			);
			defaultConfigurationIsVisible = 0;
		};
/* End XCConfigurationList section */
	};
	rootObject = 34A692181CB184F300F9F292 /* Project object */;
}
